// !$*UTF8*$!
{
	archiveVersion = 1;
	classes = {
	};
	objectVersion = 46;
	objects = {

/* Begin PBXBuildFile section */
		39CC5A711C2F5C0000D38315 /* main.m in Sources */ = {isa = PBXBuildFile; fileRef = 39CC5A701C2F5C0000D38315 /* main.m */; };
		39CC5A741C2F5C0000D38315 /* AppDelegate.m in Sources */ = {isa = PBXBuildFile; fileRef = 39CC5A731C2F5C0000D38315 /* AppDelegate.m */; };
		39CC5A771C2F5C0000D38315 /* PlaylistMasterViewController.m in Sources */ = {isa = PBXBuildFile; fileRef = 39CC5A761C2F5C0000D38315 /* PlaylistMasterViewController.m */; };
		39CC5A7A1C2F5C0000D38315 /* Main.storyboard in Resources */ = {isa = PBXBuildFile; fileRef = 39CC5A781C2F5C0000D38315 /* Main.storyboard */; };
		39CC5A7C1C2F5C0000D38315 /* Assets.xcassets in Resources */ = {isa = PBXBuildFile; fileRef = 39CC5A7B1C2F5C0000D38315 /* Assets.xcassets */; };
		39CC5A7F1C2F5C0000D38315 /* LaunchScreen.storyboard in Resources */ = {isa = PBXBuildFile; fileRef = 39CC5A7D1C2F5C0000D38315 /* LaunchScreen.storyboard */; };
		39CC5A881C2F622200D38315 /* PlaylistDetailViewController.m in Sources */ = {isa = PBXBuildFile; fileRef = 39CC5A871C2F622200D38315 /* PlaylistDetailViewController.m */; settings = {ASSET_TAGS = (); }; };
/* End PBXBuildFile section */

/* Begin PBXFileReference section */
		39CC5A6C1C2F5C0000D38315 /* algorhythm1.app */ = {isa = PBXFileReference; explicitFileType = wrapper.application; includeInIndex = 0; path = algorhythm1.app; sourceTree = BUILT_PRODUCTS_DIR; };
		39CC5A701C2F5C0000D38315 /* main.m */ = {isa = PBXFileReference; lastKnownFileType = sourcecode.c.objc; path = main.m; sourceTree = "<group>"; };
		39CC5A721C2F5C0000D38315 /* AppDelegate.h */ = {isa = PBXFileReference; lastKnownFileType = sourcecode.c.h; path = AppDelegate.h; sourceTree = "<group>"; };
		39CC5A731C2F5C0000D38315 /* AppDelegate.m */ = {isa = PBXFileReference; lastKnownFileType = sourcecode.c.objc; path = AppDelegate.m; sourceTree = "<group>"; };
		39CC5A751C2F5C0000D38315 /* PlaylistMasterViewController.h */ = {isa = PBXFileReference; lastKnownFileType = sourcecode.c.h; path = PlaylistMasterViewController.h; sourceTree = "<group>"; };
		39CC5A761C2F5C0000D38315 /* PlaylistMasterViewController.m */ = {isa = PBXFileReference; lastKnownFileType = sourcecode.c.objc; path = PlaylistMasterViewController.m; sourceTree = "<group>"; };
		39CC5A791C2F5C0000D38315 /* Base */ = {isa = PBXFileReference; lastKnownFileType = file.storyboard; name = Base; path = Base.lproj/Main.storyboard; sourceTree = "<group>"; };
		39CC5A7B1C2F5C0000D38315 /* Assets.xcassets */ = {isa = PBXFileReference; lastKnownFileType = folder.assetcatalog; path = Assets.xcassets; sourceTree = "<group>"; };
		39CC5A7E1C2F5C0000D38315 /* Base */ = {isa = PBXFileReference; lastKnownFileType = file.storyboard; name = Base; path = Base.lproj/LaunchScreen.storyboard; sourceTree = "<group>"; };
		39CC5A801C2F5C0000D38315 /* Info.plist */ = {isa = PBXFileReference; lastKnownFileType = text.plist.xml; path = Info.plist; sourceTree = "<group>"; };
		39CC5A861C2F622200D38315 /* PlaylistDetailViewController.h */ = {isa = PBXFileReference; fileEncoding = 4; lastKnownFileType = sourcecode.c.h; path = PlaylistDetailViewController.h; sourceTree = "<group>"; };
		39CC5A871C2F622200D38315 /* PlaylistDetailViewController.m */ = {isa = PBXFileReference; fileEncoding = 4; lastKnownFileType = sourcecode.c.objc; path = PlaylistDetailViewController.m; sourceTree = "<group>"; };
/* End PBXFileReference section */

/* Begin PBXFrameworksBuildPhase section */
		39CC5A691C2F5C0000D38315 /* Frameworks */ = {
			isa = PBXFrameworksBuildPhase;
			buildActionMask = 2147483647;
			files = (
			);
			runOnlyForDeploymentPostprocessing = 0;
		};
/* End PBXFrameworksBuildPhase section */

/* Begin PBXGroup section */
		39CC5A631C2F5C0000D38315 = {
			isa = PBXGroup;
			children = (
				39CC5A6E1C2F5C0000D38315 /* algorhythm1 */,
				39CC5A6D1C2F5C0000D38315 /* Products */,
			);
			sourceTree = "<group>";
		};
		39CC5A6D1C2F5C0000D38315 /* Products */ = {
			isa = PBXGroup;
			children = (
				39CC5A6C1C2F5C0000D38315 /* algorhythm1.app */,
			);
			name = Products;
			sourceTree = "<group>";
		};
		39CC5A6E1C2F5C0000D38315 /* algorhythm1 */ = {
			isa = PBXGroup;
			children = (
				39CC5A721C2F5C0000D38315 /* AppDelegate.h */,
				39CC5A731C2F5C0000D38315 /* AppDelegate.m */,
				39CC5A751C2F5C0000D38315 /* PlaylistMasterViewController.h */,
				39CC5A761C2F5C0000D38315 /* PlaylistMasterViewController.m */,
				39CC5A861C2F622200D38315 /* PlaylistDetailViewController.h */,
				39CC5A871C2F622200D38315 /* PlaylistDetailViewController.m */,
				39CC5A781C2F5C0000D38315 /* Main.storyboard */,
				39CC5A7B1C2F5C0000D38315 /* Assets.xcassets */,
				39CC5A7D1C2F5C0000D38315 /* LaunchScreen.storyboard */,
				39CC5A801C2F5C0000D38315 /* Info.plist */,
				39CC5A6F1C2F5C0000D38315 /* Supporting Files */,
			);
			path = algorhythm1;
			sourceTree = "<group>";
		};
		39CC5A6F1C2F5C0000D38315 /* Supporting Files */ = {
			isa = PBXGroup;
			children = (
				39CC5A701C2F5C0000D38315 /* main.m */,
			);
			name = "Supporting Files";
			sourceTree = "<group>";
		};
/* End PBXGroup section */

/* Begin PBXNativeTarget section */
		39CC5A6B1C2F5C0000D38315 /* algorhythm1 */ = {
			isa = PBXNativeTarget;
			buildConfigurationList = 39CC5A831C2F5C0000D38315 /* Build configuration list for PBXNativeTarget "algorhythm1" */;
			buildPhases = (
				39CC5A681C2F5C0000D38315 /* Sources */,
				39CC5A691C2F5C0000D38315 /* Frameworks */,
				39CC5A6A1C2F5C0000D38315 /* Resources */,
			);
			buildRules = (
			);
			dependencies = (
			);
			name = algorhythm1;
			productName = algorhythm1;
			productReference = 39CC5A6C1C2F5C0000D38315 /* algorhythm1.app */;
			productType = "com.apple.product-type.application";
		};
/* End PBXNativeTarget section */

/* Begin PBXProject section */
		39CC5A641C2F5C0000D38315 /* Project object */ = {
			isa = PBXProject;
			attributes = {
				LastUpgradeCheck = 0700;
				ORGANIZATIONNAME = "William Lam";
				TargetAttributes = {
					39CC5A6B1C2F5C0000D38315 = {
						CreatedOnToolsVersion = 7.0.1;
						DevelopmentTeam = 7E24WC8BA8;
					};
				};
			};
			buildConfigurationList = 39CC5A671C2F5C0000D38315 /* Build configuration list for PBXProject "algorhythm1" */;
			compatibilityVersion = "Xcode 3.2";
			developmentRegion = English;
			hasScannedForEncodings = 0;
			knownRegions = (
				en,
				Base,
			);
			mainGroup = 39CC5A631C2F5C0000D38315;
			productRefGroup = 39CC5A6D1C2F5C0000D38315 /* Products */;
			projectDirPath = "";
			projectRoot = "";
			targets = (
				39CC5A6B1C2F5C0000D38315 /* algorhythm1 */,
			);
		};
/* End PBXProject section */

/* Begin PBXResourcesBuildPhase section */
		39CC5A6A1C2F5C0000D38315 /* Resources */ = {
			isa = PBXResourcesBuildPhase;
			buildActionMask = 2147483647;
			files = (
				39CC5A7F1C2F5C0000D38315 /* LaunchScreen.storyboard in Resources */,
				39CC5A7C1C2F5C0000D38315 /* Assets.xcassets in Resources */,
				39CC5A7A1C2F5C0000D38315 /* Main.storyboard in Resources */,
			);
			runOnlyForDeploymentPostprocessing = 0;
		};
/* End PBXResourcesBuildPhase section */

/* Begin PBXSourcesBuildPhase section */
		39CC5A681C2F5C0000D38315 /* Sources */ = {
			isa = PBXSourcesBuildPhase;
			buildActionMask = 2147483647;
			files = (
				39CC5A771C2F5C0000D38315 /* PlaylistMasterViewController.m in Sources */,
				39CC5A881C2F622200D38315 /* PlaylistDetailViewController.m in Sources */,
				39CC5A741C2F5C0000D38315 /* AppDelegate.m in Sources */,
				39CC5A711C2F5C0000D38315 /* main.m in Sources */,
			);
			runOnlyForDeploymentPostprocessing = 0;
		};
/* End PBXSourcesBuildPhase section */

/* Begin PBXVariantGroup section */
		39CC5A781C2F5C0000D38315 /* Main.storyboard */ = {
			isa = PBXVariantGroup;
			children = (
				39CC5A791C2F5C0000D38315 /* Base */,
			);
			name = Main.storyboard;
			sourceTree = "<group>";
		};
		39CC5A7D1C2F5C0000D38315 /* LaunchScreen.storyboard */ = {
			isa = PBXVariantGroup;
			children = (
				39CC5A7E1C2F5C0000D38315 /* Base */,
			);
			name = LaunchScreen.storyboard;
			sourceTree = "<group>";
		};
/* End PBXVariantGroup section */

/* Begin XCBuildConfiguration section */
		39CC5A811C2F5C0000D38315 /* Debug */ = {
			isa = XCBuildConfiguration;
			buildSettings = {
				ALWAYS_SEARCH_USER_PATHS = NO;
				CLANG_CXX_LANGUAGE_STANDARD = "gnu++0x";
				CLANG_CXX_LIBRARY = "libc++";
				CLANG_ENABLE_MODULES = YES;
				CLANG_ENABLE_OBJC_ARC = YES;
				CLANG_WARN_BOOL_CONVERSION = YES;
				CLANG_WARN_CONSTANT_CONVERSION = YES;
				CLANG_WARN_DIRECT_OBJC_ISA_USAGE = YES_ERROR;
				CLANG_WARN_EMPTY_BODY = YES;
				CLANG_WARN_ENUM_CONVERSION = YES;
				CLANG_WARN_INT_CONVERSION = YES;
				CLANG_WARN_OBJC_ROOT_CLASS = YES_ERROR;
				CLANG_WARN_UNREACHABLE_CODE = YES;
				CLANG_WARN__DUPLICATE_METHOD_MATCH = YES;
				"CODE_SIGN_IDENTITY[sdk=iphoneos*]" = "iPhone Developer";
				COPY_PHASE_STRIP = NO;
				DEBUG_INFORMATION_FORMAT = dwarf;
				ENABLE_STRICT_OBJC_MSGSEND = YES;
				ENABLE_TESTABILITY = YES;
				GCC_C_LANGUAGE_STANDARD = gnu99;
				GCC_DYNAMIC_NO_PIC = NO;
				GCC_NO_COMMON_BLOCKS = YES;
				GCC_OPTIMIZATION_LEVEL = 0;
				GCC_PREPROCESSOR_DEFINITIONS = (
					"DEBUG=1",
					"$(inherited)",
				);
				GCC_WARN_64_TO_32_BIT_CONVERSION = YES;
				GCC_WARN_ABOUT_RETURN_TYPE = YES_ERROR;
				GCC_WARN_UNDECLARED_SELECTOR = YES;
				GCC_WARN_UNINITIALIZED_AUTOS = YES_AGGRESSIVE;
				GCC_WARN_UNUSED_FUNCTION = YES;
				GCC_WARN_UNUSED_VARIABLE = YES;
				IPHONEOS_DEPLOYMENT_TARGET = 9.0;
				MTL_ENABLE_DEBUG_INFO = YES;
				ONLY_ACTIVE_ARCH = YES;
				SDKROOT = iphoneos;
			};
			name = Debug;
		};
		39CC5A821C2F5C0000D38315 /* Release */ = {
			isa = XCBuildConfiguration;
			buildSettings = {
				ALWAYS_SEARCH_USER_PATHS = NO;
				CLANG_CXX_LANGUAGE_STANDARD = "gnu++0x";
				CLANG_CXX_LIBRARY = "libc++";
				CLANG_ENABLE_MODULES = YES;
				CLANG_ENABLE_OBJC_ARC = YES;
				CLANG_WARN_BOOL_CONVERSION = YES;
				CLANG_WARN_CONSTANT_CONVERSION = YES;
				CLANG_WARN_DIRECT_OBJC_ISA_USAGE = YES_ERROR;
				CLANG_WARN_EMPTY_BODY = YES;
				CLANG_WARN_ENUM_CONVERSION = YES;
				CLANG_WARN_INT_CONVERSION = YES;
				CLANG_WARN_OBJC_ROOT_CLASS = YES_ERROR;
				CLANG_WARN_UNREACHABLE_CODE = YES;
				CLANG_WARN__DUPLICATE_METHOD_MATCH = YES;
				"CODE_SIGN_IDENTITY[sdk=iphoneos*]" = "iPhone Developer";
				COPY_PHASE_STRIP = NO;
				DEBUG_INFORMATION_FORMAT = "dwarf-with-dsym";
				ENABLE_NS_ASSERTIONS = NO;
				ENABLE_STRICT_OBJC_MSGSEND = YES;
				GCC_C_LANGUAGE_STANDARD = gnu99;
				GCC_NO_COMMON_BLOCKS = YES;
				GCC_WARN_64_TO_32_BIT_CONVERSION = YES;
				GCC_WARN_ABOUT_RETURN_TYPE = YES_ERROR;
				GCC_WARN_UNDECLARED_SELECTOR = YES;
				GCC_WARN_UNINITIALIZED_AUTOS = YES_AGGRESSIVE;
				GCC_WARN_UNUSED_FUNCTION = YES;
				GCC_WARN_UNUSED_VARIABLE = YES;
				IPHONEOS_DEPLOYMENT_TARGET = 9.0;
				MTL_ENABLE_DEBUG_INFO = NO;
				SDKROOT = iphoneos;
				VALIDATE_PRODUCT = YES;
			};
			name = Release;
		};
		39CC5A841C2F5C0000D38315 /* Debug */ = {
			isa = XCBuildConfiguration;
			buildSettings = {
				ASSETCATALOG_COMPILER_APPICON_NAME = AppIcon;
				INFOPLIST_FILE = algorhythm1/Info.plist;
				LD_RUNPATH_SEARCH_PATHS = "$(inherited) @executable_path/Frameworks";
				PRODUCT_BUNDLE_IDENTIFIER = willlam.algorhythm1;
				PRODUCT_NAME = "$(TARGET_NAME)";
			};
			name = Debug;
		};
		39CC5A851C2F5C0000D38315 /* Release */ = {
			isa = XCBuildConfiguration;
			buildSettings = {
				ASSETCATALOG_COMPILER_APPICON_NAME = AppIcon;
				INFOPLIST_FILE = algorhythm1/Info.plist;
				LD_RUNPATH_SEARCH_PATHS = "$(inherited) @executable_path/Frameworks";
				PRODUCT_BUNDLE_IDENTIFIER = willlam.algorhythm1;
				PRODUCT_NAME = "$(TARGET_NAME)";
			};
			name = Release;
		};
/* End XCBuildConfiguration section */

/* Begin XCConfigurationList section */
		39CC5A671C2F5C0000D38315 /* Build configuration list for PBXProject "algorhythm1" */ = {
			isa = XCConfigurationList;
			buildConfigurations = (
				39CC5A811C2F5C0000D38315 /* Debug */,
				39CC5A821C2F5C0000D38315 /* Release */,
			);
			defaultConfigurationIsVisible = 0;
			defaultConfigurationName = Release;
		};
		39CC5A831C2F5C0000D38315 /* Build configuration list for PBXNativeTarget "algorhythm1" */ = {
			isa = XCConfigurationList;
			buildConfigurations = (
				39CC5A841C2F5C0000D38315 /* Debug */,
				39CC5A851C2F5C0000D38315 /* Release */,
			);
			defaultConfigurationIsVisible = 0;
		};
/* End XCConfigurationList section */
	};
	rootObject = 39CC5A641C2F5C0000D38315 /* Project object */;
}
